dependencies:
- name: cert-manager
  repository: https://charts.jetstack.io
  version: v0.11.1
- name: raw
  repository: https://kubernetes-charts-incubator.storage.googleapis.com
  version: 0.2.3
digest: sha256:a50aab309f769a6b644894f7bc5f1386daaffa11642ad88fddf81c49f182a6c6
generated: "2020-03-30T09:11:39.773752+03:00"
