dependencies:
- name: cert-manager
  repository: https://charts.jetstack.io
  version: v0.11.1
- name: raw
  repository: https://kubernetes-charts-incubator.storage.googleapis.com
  version: 0.1.0
digest: sha256:f031ca9cabd8aba23c81c9e7e764eef3e82fe2acefd872050b835cba2ba5a272
generated: "2019-12-14T18:00:17.966535633Z"
