dependencies:
- name: monochart
  repository: https://charts.cloudposse.com/incubator/
  version: 0.10.0
- name: nginx-ingress
  repository: https://kubernetes-charts.storage.googleapis.com
  version: 1.24.6
digest: sha256:3ed8180515c53a38c3d99a42478b38faa37398c872f9aac7e667034e71f3cee7
generated: "2020-03-22T09:17:29.6136904Z"
